schema: '2.0'
stages:
  data_collection:
    cmd: python src/data/data_collection.py
    deps:
    - path: src/data/data_collection.py
      hash: md5
      md5: fcad8087523000a4b58b53b34a21b2f4
      size: 1764
    params:
      params.yaml:
        data_collection.test_size: 0.2
    outs:
    - path: data/raw
      hash: md5
      md5: c0c2d65c14a603e91e029fda3c344a5c.dir
      size: 522262
      nfiles: 2
  data_preprocess:
    cmd: python src/data/data_prep.py
    deps:
    - path: data/raw
      hash: md5
      md5: c0c2d65c14a603e91e029fda3c344a5c.dir
      size: 522262
      nfiles: 2
    - path: src/data/data_prep.py
      hash: md5
      md5: 341302f53db61e6e59b649ad43a49e15
      size: 1420
    outs:
    - path: data/processed
      hash: md5
      md5: 09d7d1468d5c1e6739769af7e3154438.dir
      size: 546137
      nfiles: 2
  model_building:
    cmd: python src/model/model_building.py
    deps:
    - path: data/processed
      hash: md5
      md5: 09d7d1468d5c1e6739769af7e3154438.dir
      size: 546137
      nfiles: 2
    - path: src/model/model_building.py
      hash: md5
      md5: 4755dabe8492a2c3b092e3af434a99f5
      size: 1904
    params:
      params.yaml:
        model_building.n_estimators: 500
    outs:
    - path: models/model.pkl
      hash: md5
      md5: 8fc5296c7c520a8bb59f3e60f2c76b40
      size: 36795188
  model_eval:
    cmd: python src/model/model_eval.py
    deps:
    - path: models/model.pkl
      hash: md5
      md5: 8fc5296c7c520a8bb59f3e60f2c76b40
      size: 36795188
    - path: src/model/model_eval.py
      hash: md5
      md5: e02ced19ebe3999aaf9534cbaf4ee7dd
      size: 2658
    outs:
    - path: reports/metrics.json
      hash: md5
      md5: b14addab3e6e40dd5d36f903de37879f
      size: 142
